
Microsoft Visual Studio Solution File, Format Version 12.00
# Visual Studio Version 16
VisualStudioVersion = 16.0.30104.148
MinimumVisualStudioVersion = 15.0.26124.0
Project("{2150E333-8FDC-42A3-9474-1A3956D46DE8}") = "src", "src", "{15B678C5-1504-4FBB-B389-2AE3DDC5DEE3}"
EndProject
Project("{2150E333-8FDC-42A3-9474-1A3956D46DE8}") = "3. common", "3. common", "{4E40F723-76D9-4537-A3D0-ABA6FB556C22}"
EndProject
Project("{2150E333-8FDC-42A3-9474-1A3956D46DE8}") = "1. gateway", "1. gateway", "{1B31A9F8-285F-4C3F-AFC5-7F4B356831C9}"
EndProject
Project("{2150E333-8FDC-42A3-9474-1A3956D46DE8}") = "4. chat api", "4. chat api", "{8D51E9D7-EAE5-41C7-8C15-6A85FDED697A}"
EndProject
Project("{2150E333-8FDC-42A3-9474-1A3956D46DE8}") = "2. identity", "2. identity", "{D99698FE-94D4-4823-9213-990988247C1A}"
EndProject
Project("{2150E333-8FDC-42A3-9474-1A3956D46DE8}") = "5. chat hub", "5. chat hub", "{6525DB69-1E2A-41F1-BD1F-C17AEDF48BF0}"
EndProject
Project("{2150E333-8FDC-42A3-9474-1A3956D46DE8}") = "3.3 domain", "3.3 domain", "{5CFD138E-36BC-452D-A24F-9EFC93C73D4E}"
EndProject
Project("{2150E333-8FDC-42A3-9474-1A3956D46DE8}") = "3.2 infrastructure", "3.2 infrastructure", "{D1803A17-7022-47B4-BB9C-B80934B5AEDF}"
EndProject
Project("{2150E333-8FDC-42A3-9474-1A3956D46DE8}") = "3.1 application", "3.1 application", "{F67C7585-ECC6-4FF2-9CE2-5E8512017BBD}"
EndProject
Project("{9A19103F-16F7-4668-BE54-9A1E7A4F7556}") = "MottaDevelopments.MicroServices.Domain", "src\common\MottaDevelopments.MicroServices.Domain\MottaDevelopments.MicroServices.Domain.csproj", "{95AED7AC-8A96-492F-B5AB-DD5618B769DE}"
EndProject
Project("{9A19103F-16F7-4668-BE54-9A1E7A4F7556}") = "MottaDevelopments.MicroServices.Infrastructure", "src\common\MottaDevelopments.MicroServices.Infrastructure\MottaDevelopments.MicroServices.Infrastructure.csproj", "{B72D2406-2A32-4441-8F6C-0A91572ABE05}"
EndProject
Project("{9A19103F-16F7-4668-BE54-9A1E7A4F7556}") = "MottaDevelopments.ChatRoom.Gateway", "src\gateway\MottaDevelopments.ChatRoom.Gateway\MottaDevelopments.ChatRoom.Gateway.csproj", "{FA2EC3D0-CD8D-4815-8AA9-D865027B38D8}"
EndProject
Project("{2150E333-8FDC-42A3-9474-1A3956D46DE8}") = "2.1 api", "2.1 api", "{62FFA4EB-101D-45EF-B123-7CBDE32646C0}"
EndProject
Project("{2150E333-8FDC-42A3-9474-1A3956D46DE8}") = "2.2 application", "2.2 application", "{4A8CC793-FF48-419A-96D7-9C5C5DD2362E}"
EndProject
Project("{2150E333-8FDC-42A3-9474-1A3956D46DE8}") = "2.3 infrastructure", "2.3 infrastructure", "{400304FE-4A69-4739-956F-E4DA4591CAAE}"
EndProject
Project("{2150E333-8FDC-42A3-9474-1A3956D46DE8}") = "2.4 domain", "2.4 domain", "{7295B05C-4DD6-451A-A396-32547189E532}"
EndProject
Project("{9A19103F-16F7-4668-BE54-9A1E7A4F7556}") = "MottaDevelopments.ChatRoom.Identity.Domain", "src\identity\MottaDevelopments.ChatRoom.Identity.Domain\MottaDevelopments.ChatRoom.Identity.Domain.csproj", "{F8F7333C-69F7-4336-A98E-42A1050677A3}"
EndProject
Project("{9A19103F-16F7-4668-BE54-9A1E7A4F7556}") = "MottaDevelopments.ChatRoom.Identity.Infrastructure", "src\identity\MottaDevelopments.ChatRoom.Identity.Infrastructure\MottaDevelopments.ChatRoom.Identity.Infrastructure.csproj", "{1CDF8FB2-0F00-4F09-86F0-D1B841171491}"
EndProject
Project("{2150E333-8FDC-42A3-9474-1A3956D46DE8}") = "Solution Items", "Solution Items", "{70770571-419F-42F9-B95D-9D15BFF62595}"
	ProjectSection(SolutionItems) = preProject
		.dockerignore = .dockerignore
		.gitignore = .gitignore
		README.md = README.md
	EndProjectSection
EndProject
Project("{9A19103F-16F7-4668-BE54-9A1E7A4F7556}") = "MottaDevelopments.MicroServices.Application", "src\common\MottaDevelopments.MicroServices.Application\MottaDevelopments.MicroServices.Application.csproj", "{E4F967F4-E83B-4F89-B603-370E95E2C772}"
EndProject
Project("{9A19103F-16F7-4668-BE54-9A1E7A4F7556}") = "MottaDevelopments.ChatRoom.Identity.Application", "src\identity\MottaDevelopments.ChatRoom.Identity.Application\MottaDevelopments.ChatRoom.Identity.Application.csproj", "{1A3D9DD2-F944-4F18-8B02-ECE64B021601}"
EndProject
Project("{FAE04EC0-301F-11D3-BF4B-00C04F79EFBC}") = "MottaDevelopments.ChatRoom.Identity.Api", "src\identity\MottaDevelopments.ChatRoom.Identity.Api\MottaDevelopments.ChatRoom.Identity.Api.csproj", "{6FD96328-2189-4268-A673-559791648A61}"
EndProject
Global
	GlobalSection(SolutionConfigurationPlatforms) = preSolution
		Debug|Any CPU = Debug|Any CPU
		Debug|x64 = Debug|x64
		Debug|x86 = Debug|x86
		Release|Any CPU = Release|Any CPU
		Release|x64 = Release|x64
		Release|x86 = Release|x86
	EndGlobalSection
	GlobalSection(ProjectConfigurationPlatforms) = postSolution
		{95AED7AC-8A96-492F-B5AB-DD5618B769DE}.Debug|Any CPU.ActiveCfg = Debug|Any CPU
		{95AED7AC-8A96-492F-B5AB-DD5618B769DE}.Debug|Any CPU.Build.0 = Debug|Any CPU
		{95AED7AC-8A96-492F-B5AB-DD5618B769DE}.Debug|x64.ActiveCfg = Debug|Any CPU
		{95AED7AC-8A96-492F-B5AB-DD5618B769DE}.Debug|x64.Build.0 = Debug|Any CPU
		{95AED7AC-8A96-492F-B5AB-DD5618B769DE}.Debug|x86.ActiveCfg = Debug|Any CPU
		{95AED7AC-8A96-492F-B5AB-DD5618B769DE}.Debug|x86.Build.0 = Debug|Any CPU
		{95AED7AC-8A96-492F-B5AB-DD5618B769DE}.Release|Any CPU.ActiveCfg = Release|Any CPU
		{95AED7AC-8A96-492F-B5AB-DD5618B769DE}.Release|Any CPU.Build.0 = Release|Any CPU
		{95AED7AC-8A96-492F-B5AB-DD5618B769DE}.Release|x64.ActiveCfg = Release|Any CPU
		{95AED7AC-8A96-492F-B5AB-DD5618B769DE}.Release|x64.Build.0 = Release|Any CPU
		{95AED7AC-8A96-492F-B5AB-DD5618B769DE}.Release|x86.ActiveCfg = Release|Any CPU
		{95AED7AC-8A96-492F-B5AB-DD5618B769DE}.Release|x86.Build.0 = Release|Any CPU
		{B72D2406-2A32-4441-8F6C-0A91572ABE05}.Debug|Any CPU.ActiveCfg = Debug|Any CPU
		{B72D2406-2A32-4441-8F6C-0A91572ABE05}.Debug|Any CPU.Build.0 = Debug|Any CPU
		{B72D2406-2A32-4441-8F6C-0A91572ABE05}.Debug|x64.ActiveCfg = Debug|Any CPU
		{B72D2406-2A32-4441-8F6C-0A91572ABE05}.Debug|x64.Build.0 = Debug|Any CPU
		{B72D2406-2A32-4441-8F6C-0A91572ABE05}.Debug|x86.ActiveCfg = Debug|Any CPU
		{B72D2406-2A32-4441-8F6C-0A91572ABE05}.Debug|x86.Build.0 = Debug|Any CPU
		{B72D2406-2A32-4441-8F6C-0A91572ABE05}.Release|Any CPU.ActiveCfg = Release|Any CPU
		{B72D2406-2A32-4441-8F6C-0A91572ABE05}.Release|Any CPU.Build.0 = Release|Any CPU
		{B72D2406-2A32-4441-8F6C-0A91572ABE05}.Release|x64.ActiveCfg = Release|Any CPU
		{B72D2406-2A32-4441-8F6C-0A91572ABE05}.Release|x64.Build.0 = Release|Any CPU
		{B72D2406-2A32-4441-8F6C-0A91572ABE05}.Release|x86.ActiveCfg = Release|Any CPU
		{B72D2406-2A32-4441-8F6C-0A91572ABE05}.Release|x86.Build.0 = Release|Any CPU
		{FA2EC3D0-CD8D-4815-8AA9-D865027B38D8}.Debug|Any CPU.ActiveCfg = Debug|Any CPU
		{FA2EC3D0-CD8D-4815-8AA9-D865027B38D8}.Debug|Any CPU.Build.0 = Debug|Any CPU
		{FA2EC3D0-CD8D-4815-8AA9-D865027B38D8}.Debug|x64.ActiveCfg = Debug|Any CPU
		{FA2EC3D0-CD8D-4815-8AA9-D865027B38D8}.Debug|x64.Build.0 = Debug|Any CPU
		{FA2EC3D0-CD8D-4815-8AA9-D865027B38D8}.Debug|x86.ActiveCfg = Debug|Any CPU
		{FA2EC3D0-CD8D-4815-8AA9-D865027B38D8}.Debug|x86.Build.0 = Debug|Any CPU
		{FA2EC3D0-CD8D-4815-8AA9-D865027B38D8}.Release|Any CPU.ActiveCfg = Release|Any CPU
		{FA2EC3D0-CD8D-4815-8AA9-D865027B38D8}.Release|Any CPU.Build.0 = Release|Any CPU
		{FA2EC3D0-CD8D-4815-8AA9-D865027B38D8}.Release|x64.ActiveCfg = Release|Any CPU
		{FA2EC3D0-CD8D-4815-8AA9-D865027B38D8}.Release|x64.Build.0 = Release|Any CPU
		{FA2EC3D0-CD8D-4815-8AA9-D865027B38D8}.Release|x86.ActiveCfg = Release|Any CPU
		{FA2EC3D0-CD8D-4815-8AA9-D865027B38D8}.Release|x86.Build.0 = Release|Any CPU
		{F8F7333C-69F7-4336-A98E-42A1050677A3}.Debug|Any CPU.ActiveCfg = Debug|Any CPU
		{F8F7333C-69F7-4336-A98E-42A1050677A3}.Debug|Any CPU.Build.0 = Debug|Any CPU
		{F8F7333C-69F7-4336-A98E-42A1050677A3}.Debug|x64.ActiveCfg = Debug|Any CPU
		{F8F7333C-69F7-4336-A98E-42A1050677A3}.Debug|x64.Build.0 = Debug|Any CPU
		{F8F7333C-69F7-4336-A98E-42A1050677A3}.Debug|x86.ActiveCfg = Debug|Any CPU
		{F8F7333C-69F7-4336-A98E-42A1050677A3}.Debug|x86.Build.0 = Debug|Any CPU
		{F8F7333C-69F7-4336-A98E-42A1050677A3}.Release|Any CPU.ActiveCfg = Release|Any CPU
		{F8F7333C-69F7-4336-A98E-42A1050677A3}.Release|Any CPU.Build.0 = Release|Any CPU
		{F8F7333C-69F7-4336-A98E-42A1050677A3}.Release|x64.ActiveCfg = Release|Any CPU
		{F8F7333C-69F7-4336-A98E-42A1050677A3}.Release|x64.Build.0 = Release|Any CPU
		{F8F7333C-69F7-4336-A98E-42A1050677A3}.Release|x86.ActiveCfg = Release|Any CPU
		{F8F7333C-69F7-4336-A98E-42A1050677A3}.Release|x86.Build.0 = Release|Any CPU
		{1CDF8FB2-0F00-4F09-86F0-D1B841171491}.Debug|Any CPU.ActiveCfg = Debug|Any CPU
		{1CDF8FB2-0F00-4F09-86F0-D1B841171491}.Debug|Any CPU.Build.0 = Debug|Any CPU
		{1CDF8FB2-0F00-4F09-86F0-D1B841171491}.Debug|x64.ActiveCfg = Debug|Any CPU
		{1CDF8FB2-0F00-4F09-86F0-D1B841171491}.Debug|x64.Build.0 = Debug|Any CPU
		{1CDF8FB2-0F00-4F09-86F0-D1B841171491}.Debug|x86.ActiveCfg = Debug|Any CPU
		{1CDF8FB2-0F00-4F09-86F0-D1B841171491}.Debug|x86.Build.0 = Debug|Any CPU
		{1CDF8FB2-0F00-4F09-86F0-D1B841171491}.Release|Any CPU.ActiveCfg = Release|Any CPU
		{1CDF8FB2-0F00-4F09-86F0-D1B841171491}.Release|Any CPU.Build.0 = Release|Any CPU
		{1CDF8FB2-0F00-4F09-86F0-D1B841171491}.Release|x64.ActiveCfg = Release|Any CPU
		{1CDF8FB2-0F00-4F09-86F0-D1B841171491}.Release|x64.Build.0 = Release|Any CPU
		{1CDF8FB2-0F00-4F09-86F0-D1B841171491}.Release|x86.ActiveCfg = Release|Any CPU
		{1CDF8FB2-0F00-4F09-86F0-D1B841171491}.Release|x86.Build.0 = Release|Any CPU
		{E4F967F4-E83B-4F89-B603-370E95E2C772}.Debug|Any CPU.ActiveCfg = Debug|Any CPU
		{E4F967F4-E83B-4F89-B603-370E95E2C772}.Debug|Any CPU.Build.0 = Debug|Any CPU
		{E4F967F4-E83B-4F89-B603-370E95E2C772}.Debug|x64.ActiveCfg = Debug|Any CPU
		{E4F967F4-E83B-4F89-B603-370E95E2C772}.Debug|x64.Build.0 = Debug|Any CPU
		{E4F967F4-E83B-4F89-B603-370E95E2C772}.Debug|x86.ActiveCfg = Debug|Any CPU
		{E4F967F4-E83B-4F89-B603-370E95E2C772}.Debug|x86.Build.0 = Debug|Any CPU
		{E4F967F4-E83B-4F89-B603-370E95E2C772}.Release|Any CPU.ActiveCfg = Release|Any CPU
		{E4F967F4-E83B-4F89-B603-370E95E2C772}.Release|Any CPU.Build.0 = Release|Any CPU
		{E4F967F4-E83B-4F89-B603-370E95E2C772}.Release|x64.ActiveCfg = Release|Any CPU
		{E4F967F4-E83B-4F89-B603-370E95E2C772}.Release|x64.Build.0 = Release|Any CPU
		{E4F967F4-E83B-4F89-B603-370E95E2C772}.Release|x86.ActiveCfg = Release|Any CPU
		{E4F967F4-E83B-4F89-B603-370E95E2C772}.Release|x86.Build.0 = Release|Any CPU
		{1A3D9DD2-F944-4F18-8B02-ECE64B021601}.Debug|Any CPU.ActiveCfg = Debug|Any CPU
		{1A3D9DD2-F944-4F18-8B02-ECE64B021601}.Debug|Any CPU.Build.0 = Debug|Any CPU
		{1A3D9DD2-F944-4F18-8B02-ECE64B021601}.Debug|x64.ActiveCfg = Debug|Any CPU
		{1A3D9DD2-F944-4F18-8B02-ECE64B021601}.Debug|x64.Build.0 = Debug|Any CPU
		{1A3D9DD2-F944-4F18-8B02-ECE64B021601}.Debug|x86.ActiveCfg = Debug|Any CPU
		{1A3D9DD2-F944-4F18-8B02-ECE64B021601}.Debug|x86.Build.0 = Debug|Any CPU
		{1A3D9DD2-F944-4F18-8B02-ECE64B021601}.Release|Any CPU.ActiveCfg = Release|Any CPU
		{1A3D9DD2-F944-4F18-8B02-ECE64B021601}.Release|Any CPU.Build.0 = Release|Any CPU
		{1A3D9DD2-F944-4F18-8B02-ECE64B021601}.Release|x64.ActiveCfg = Release|Any CPU
		{1A3D9DD2-F944-4F18-8B02-ECE64B021601}.Release|x64.Build.0 = Release|Any CPU
		{1A3D9DD2-F944-4F18-8B02-ECE64B021601}.Release|x86.ActiveCfg = Release|Any CPU
		{1A3D9DD2-F944-4F18-8B02-ECE64B021601}.Release|x86.Build.0 = Release|Any CPU
		{6FD96328-2189-4268-A673-559791648A61}.Debug|Any CPU.ActiveCfg = Debug|Any CPU
		{6FD96328-2189-4268-A673-559791648A61}.Debug|Any CPU.Build.0 = Debug|Any CPU
		{6FD96328-2189-4268-A673-559791648A61}.Debug|x64.ActiveCfg = Debug|Any CPU
		{6FD96328-2189-4268-A673-559791648A61}.Debug|x64.Build.0 = Debug|Any CPU
		{6FD96328-2189-4268-A673-559791648A61}.Debug|x86.ActiveCfg = Debug|Any CPU
		{6FD96328-2189-4268-A673-559791648A61}.Debug|x86.Build.0 = Debug|Any CPU
		{6FD96328-2189-4268-A673-559791648A61}.Release|Any CPU.ActiveCfg = Release|Any CPU
		{6FD96328-2189-4268-A673-559791648A61}.Release|Any CPU.Build.0 = Release|Any CPU
		{6FD96328-2189-4268-A673-559791648A61}.Release|x64.ActiveCfg = Release|Any CPU
		{6FD96328-2189-4268-A673-559791648A61}.Release|x64.Build.0 = Release|Any CPU
		{6FD96328-2189-4268-A673-559791648A61}.Release|x86.ActiveCfg = Release|Any CPU
		{6FD96328-2189-4268-A673-559791648A61}.Release|x86.Build.0 = Release|Any CPU
	EndGlobalSection
	GlobalSection(SolutionProperties) = preSolution
		HideSolutionNode = FALSE
	EndGlobalSection
	GlobalSection(NestedProjects) = preSolution
		{4E40F723-76D9-4537-A3D0-ABA6FB556C22} = {15B678C5-1504-4FBB-B389-2AE3DDC5DEE3}
		{1B31A9F8-285F-4C3F-AFC5-7F4B356831C9} = {15B678C5-1504-4FBB-B389-2AE3DDC5DEE3}
		{8D51E9D7-EAE5-41C7-8C15-6A85FDED697A} = {15B678C5-1504-4FBB-B389-2AE3DDC5DEE3}
		{D99698FE-94D4-4823-9213-990988247C1A} = {15B678C5-1504-4FBB-B389-2AE3DDC5DEE3}
		{6525DB69-1E2A-41F1-BD1F-C17AEDF48BF0} = {15B678C5-1504-4FBB-B389-2AE3DDC5DEE3}
		{5CFD138E-36BC-452D-A24F-9EFC93C73D4E} = {4E40F723-76D9-4537-A3D0-ABA6FB556C22}
		{D1803A17-7022-47B4-BB9C-B80934B5AEDF} = {4E40F723-76D9-4537-A3D0-ABA6FB556C22}
		{F67C7585-ECC6-4FF2-9CE2-5E8512017BBD} = {4E40F723-76D9-4537-A3D0-ABA6FB556C22}
		{95AED7AC-8A96-492F-B5AB-DD5618B769DE} = {5CFD138E-36BC-452D-A24F-9EFC93C73D4E}
		{B72D2406-2A32-4441-8F6C-0A91572ABE05} = {D1803A17-7022-47B4-BB9C-B80934B5AEDF}
		{FA2EC3D0-CD8D-4815-8AA9-D865027B38D8} = {1B31A9F8-285F-4C3F-AFC5-7F4B356831C9}
		{62FFA4EB-101D-45EF-B123-7CBDE32646C0} = {D99698FE-94D4-4823-9213-990988247C1A}
		{4A8CC793-FF48-419A-96D7-9C5C5DD2362E} = {D99698FE-94D4-4823-9213-990988247C1A}
		{400304FE-4A69-4739-956F-E4DA4591CAAE} = {D99698FE-94D4-4823-9213-990988247C1A}
		{7295B05C-4DD6-451A-A396-32547189E532} = {D99698FE-94D4-4823-9213-990988247C1A}
		{F8F7333C-69F7-4336-A98E-42A1050677A3} = {7295B05C-4DD6-451A-A396-32547189E532}
		{1CDF8FB2-0F00-4F09-86F0-D1B841171491} = {400304FE-4A69-4739-956F-E4DA4591CAAE}
		{E4F967F4-E83B-4F89-B603-370E95E2C772} = {F67C7585-ECC6-4FF2-9CE2-5E8512017BBD}
		{1A3D9DD2-F944-4F18-8B02-ECE64B021601} = {4A8CC793-FF48-419A-96D7-9C5C5DD2362E}
		{6FD96328-2189-4268-A673-559791648A61} = {62FFA4EB-101D-45EF-B123-7CBDE32646C0}
	EndGlobalSection
	GlobalSection(ExtensibilityGlobals) = postSolution
		SolutionGuid = {91012471-B936-40A8-8F49-C41826CF8879}
	EndGlobalSection
EndGlobal
